github.com/diamondburned/adaptive v0.0.2-0.20220226002257-ef8720b54399 h1:MGJoYuTUukTa+y3XIAvQQmZAOO2JeRTefkdxhsoPfSY=
github.com/diamondburned/adaptive v0.0.2-0.20220226002257-ef8720b54399/go.mod h1:cLoCdQtpCp/TSJBJTgXe7W2FJNelXrmPv+X7luB6/Qg=
github.com/diamondburned/gotk4/pkg v0.0.0-20220225135826-2bb7260a63bb/go.mod h1:dJ2gfR0gvBsGg4IteP8aMBq/U5Q9boDw0DP7kAjXTwM=
github.com/diamondburned/gotk4/pkg v0.0.0-20220228011804-2178059e90d8 h1:zAMK1hml4eOSvvC5m2YKG1p0CobSmz0lJQa2ecSGnK8=
github.com/diamondburned/gotk4/pkg v0.0.0-20220228011804-2178059e90d8/go.mod h1:dJ2gfR0gvBsGg4IteP8aMBq/U5Q9boDw0DP7kAjXTwM=
github.com/google/btree v1.0.1 h1:gK4Kx5IaGY9CD5sPJ36FHiBJ6ZXl0kilRiiCj+jdYp4=
github.com/google/btree v1.0.1/go.mod h1:xXMiIv4Fb/0kKde4SpL7qlzvu5cMJDRkFDxJfI9uaxA=
github.com/gregjones/httpcache v0.0.0-20190611155906-901d90724c79 h1:+ngKgrYPPJrOjhax5N+uePQ0Fh1Z7PheYoUI/0nzkPA=
github.com/gregjones/httpcache v0.0.0-20190611155906-901d90724c79/go.mod h1:FecbI9+v66THATjSRHfNgh1IVFe/9kFxbXtjV0ctIMA=
github.com/peterbourgon/diskv v2.0.1+incompatible h1:UBdAOUP5p4RWqPBg048CAvpKN+vxiaj6gdUUzhl4XmI=
github.com/peterbourgon/diskv v2.0.1+incompatible/go.mod h1:uqqh8zWWbv1HBMNONnaR/tNboyR3/BZd58JJSHlUSCU=
github.com/pkg/errors v0.9.1 h1:FEBLx1zS214owpjy7qsBeixbURkuhQAwrK5UwLGTwt4=
github.com/pkg/errors v0.9.1/go.mod h1:bwawxfHBFNV+L2hUp1rHADufV3IMtnDRdf1r5NINEl0=
go4.org/unsafe/assume-no-moving-gc v0.0.0-20201222180813-1025295fd063 h1:1tk03FUNpulq2cuWpXZWj649rwJpk0d20rxWiopKRmc=
go4.org/unsafe/assume-no-moving-gc v0.0.0-20201222180813-1025295fd063/go.mod h1:FftLjUGFEDu5k8lt0ddY+HcrH/qU/0qk+H8j9/nTl3E=
golang.org/x/sync v0.0.0-20210220032951-036812b2e83c h1:5KslGYwFpkhGh+Q16bwMP3cOontH8FOep7tGV86Y7SQ=
golang.org/x/sync v0.0.0-20210220032951-036812b2e83c/go.mod h1:RxMgew5VJxzue5/jJTE5uejpjVlOe/izrB70Jof72aM=
golang.org/x/text v0.3.7 h1:olpwvP2KacW1ZWvsR7uQhoyTYvKAupfQrRGBFM352Gk=
golang.org/x/text v0.3.7/go.mod h1:u+2+/6zg+i71rQMx5EYifcz6MCKuco9NR6JIITiCfzQ=
golang.org/x/tools v0.0.0-20180917221912-90fa682c2a6e h1:FDhOuMEY4JVRztM/gsbk+IKUQ8kj74bxZrgw87eMMVc=
golang.org/x/tools v0.0.0-20180917221912-90fa682c2a6e/go.mod h1:n7NCudcB/nEzxVGmLbDWY5pfWTLqBcC2KZ6jyYvM4mQ=
