github.com/diamondburned/adaptive v0.0.2-0.20220226002257-ef8720b54399 h1:MGJoYuTUukTa+y3XIAvQQmZAOO2JeRTefkdxhsoPfSY=
github.com/diamondburned/adaptive v0.0.2-0.20220226002257-ef8720b54399/go.mod h1:cLoCdQtpCp/TSJBJTgXe7W2FJNelXrmPv+X7luB6/Qg=
github.com/diamondburned/gotk4/pkg v0.0.0-20220225135826-2bb7260a63bb/go.mod h1:dJ2gfR0gvBsGg4IteP8aMBq/U5Q9boDw0DP7kAjXTwM=
github.com/diamondburned/gotk4/pkg v0.0.0-20220925114733-8c5529b9df15 h1:KjAeagrrvm20/EFCYiY41/NTnOlisFSVG4UnvwybTJ8=
github.com/diamondburned/gotk4/pkg v0.0.0-20220925114733-8c5529b9df15/go.mod h1:pjOFSZWuNWiBwEqt+4/zfPr1JsNWY43h4B81ht3S3Ag=
github.com/pkg/errors v0.9.1 h1:FEBLx1zS214owpjy7qsBeixbURkuhQAwrK5UwLGTwt4=
github.com/pkg/errors v0.9.1/go.mod h1:bwawxfHBFNV+L2hUp1rHADufV3IMtnDRdf1r5NINEl0=
go4.org/unsafe/assume-no-moving-gc v0.0.0-20201222180813-1025295fd063/go.mod h1:FftLjUGFEDu5k8lt0ddY+HcrH/qU/0qk+H8j9/nTl3E=
go4.org/unsafe/assume-no-moving-gc v0.0.0-20211027215541-db492cf91b37 h1:Tx9kY6yUkLge/pFG7IEMwDZy6CS2ajFc9TvQdPCW0uA=
go4.org/unsafe/assume-no-moving-gc v0.0.0-20211027215541-db492cf91b37/go.mod h1:FftLjUGFEDu5k8lt0ddY+HcrH/qU/0qk+H8j9/nTl3E=
golang.org/x/image v0.0.0-20220902085622-e7cb96979f69 h1:Lj6HJGCSn5AjxRAH2+r35Mir4icalbqku+CLUtjnvXY=
golang.org/x/image v0.0.0-20220902085622-e7cb96979f69/go.mod h1:doUCurBvlfPMKfmIpRIywoHmhN3VyhnoFDbvIEWF4hY=
golang.org/x/sync v0.0.0-20210220032951-036812b2e83c h1:5KslGYwFpkhGh+Q16bwMP3cOontH8FOep7tGV86Y7SQ=
golang.org/x/sync v0.0.0-20210220032951-036812b2e83c/go.mod h1:RxMgew5VJxzue5/jJTE5uejpjVlOe/izrB70Jof72aM=
golang.org/x/text v0.3.7 h1:olpwvP2KacW1ZWvsR7uQhoyTYvKAupfQrRGBFM352Gk=
golang.org/x/text v0.3.7/go.mod h1:u+2+/6zg+i71rQMx5EYifcz6MCKuco9NR6JIITiCfzQ=
golang.org/x/tools v0.0.0-20180917221912-90fa682c2a6e h1:FDhOuMEY4JVRztM/gsbk+IKUQ8kj74bxZrgw87eMMVc=
golang.org/x/tools v0.0.0-20180917221912-90fa682c2a6e/go.mod h1:n7NCudcB/nEzxVGmLbDWY5pfWTLqBcC2KZ6jyYvM4mQ=
